
Microsoft Visual Studio Solution File, Format Version 12.00
# Visual Studio Version 17
VisualStudioVersion = 17.3.32922.545
MinimumVisualStudioVersion = 10.0.40219.1
Project("{9A19103F-16F7-4668-BE54-9A1E7A4F7556}") = "ElevatorAdministrationApplication", "ElevatorAdministrationApplication\ElevatorAdministrationApplication.csproj", "{95DEFF13-8D82-40E5-AD17-60F516D016F1}"
EndProject
Project("{9A19103F-16F7-4668-BE54-9A1E7A4F7556}") = "ElevatorAdministrationApplicationTests", "AdminApplicationTests\ElevatorAdministrationApplicationTests.csproj", "{766BF75F-A0A9-41A2-A2CF-CE5A6B082B07}"
EndProject
Global
	GlobalSection(SolutionConfigurationPlatforms) = preSolution
		Debug|Any CPU = Debug|Any CPU
		Release|Any CPU = Release|Any CPU
	EndGlobalSection
	GlobalSection(ProjectConfigurationPlatforms) = postSolution
		{95DEFF13-8D82-40E5-AD17-60F516D016F1}.Debug|Any CPU.ActiveCfg = Debug|Any CPU
		{95DEFF13-8D82-40E5-AD17-60F516D016F1}.Debug|Any CPU.Build.0 = Debug|Any CPU
		{95DEFF13-8D82-40E5-AD17-60F516D016F1}.Release|Any CPU.ActiveCfg = Release|Any CPU
		{95DEFF13-8D82-40E5-AD17-60F516D016F1}.Release|Any CPU.Build.0 = Release|Any CPU
		{766BF75F-A0A9-41A2-A2CF-CE5A6B082B07}.Debug|Any CPU.ActiveCfg = Debug|Any CPU
		{766BF75F-A0A9-41A2-A2CF-CE5A6B082B07}.Debug|Any CPU.Build.0 = Debug|Any CPU
		{766BF75F-A0A9-41A2-A2CF-CE5A6B082B07}.Release|Any CPU.ActiveCfg = Release|Any CPU
		{766BF75F-A0A9-41A2-A2CF-CE5A6B082B07}.Release|Any CPU.Build.0 = Release|Any CPU
	EndGlobalSection
	GlobalSection(SolutionProperties) = preSolution
		HideSolutionNode = FALSE
	EndGlobalSection
	GlobalSection(ExtensibilityGlobals) = postSolution
		SolutionGuid = {BA308AA4-00D2-4ADC-A13D-CE285C7817F6}
	EndGlobalSection
EndGlobal
